
Microsoft Visual Studio Solution File, Format Version 12.00
# Visual Studio Version 16
VisualStudioVersion = 16.0.29911.84
MinimumVisualStudioVersion = 10.0.40219.1
Project("{FAE04EC0-301F-11D3-BF4B-00C04F79EFBC}") = "WebUI", "WebUI\WebUI.csproj", "{74A1B294-5753-4A65-9037-CBA049DC9638}"
EndProject
Project("{FAE04EC0-301F-11D3-BF4B-00C04F79EFBC}") = "Domain", "Domain\Domain.csproj", "{76F11264-3A98-41CF-B04E-64974E4E8908}"
EndProject
Project("{FAE04EC0-301F-11D3-BF4B-00C04F79EFBC}") = "UnitTests", "UnitTests\UnitTests.csproj", "{6E16E304-5152-44FE-8CF8-6D6476FE477C}"
EndProject
Global
	GlobalSection(SolutionConfigurationPlatforms) = preSolution
		Debug|Any CPU = Debug|Any CPU
		Release|Any CPU = Release|Any CPU
	EndGlobalSection
	GlobalSection(ProjectConfigurationPlatforms) = postSolution
		{74A1B294-5753-4A65-9037-CBA049DC9638}.Debug|Any CPU.ActiveCfg = Debug|Any CPU
		{74A1B294-5753-4A65-9037-CBA049DC9638}.Debug|Any CPU.Build.0 = Debug|Any CPU
		{74A1B294-5753-4A65-9037-CBA049DC9638}.Release|Any CPU.ActiveCfg = Release|Any CPU
		{74A1B294-5753-4A65-9037-CBA049DC9638}.Release|Any CPU.Build.0 = Release|Any CPU
		{76F11264-3A98-41CF-B04E-64974E4E8908}.Debug|Any CPU.ActiveCfg = Debug|Any CPU
		{76F11264-3A98-41CF-B04E-64974E4E8908}.Debug|Any CPU.Build.0 = Debug|Any CPU
		{76F11264-3A98-41CF-B04E-64974E4E8908}.Release|Any CPU.ActiveCfg = Release|Any CPU
		{76F11264-3A98-41CF-B04E-64974E4E8908}.Release|Any CPU.Build.0 = Release|Any CPU
		{6E16E304-5152-44FE-8CF8-6D6476FE477C}.Debug|Any CPU.ActiveCfg = Debug|Any CPU
		{6E16E304-5152-44FE-8CF8-6D6476FE477C}.Debug|Any CPU.Build.0 = Debug|Any CPU
		{6E16E304-5152-44FE-8CF8-6D6476FE477C}.Release|Any CPU.ActiveCfg = Release|Any CPU
		{6E16E304-5152-44FE-8CF8-6D6476FE477C}.Release|Any CPU.Build.0 = Release|Any CPU
	EndGlobalSection
	GlobalSection(SolutionProperties) = preSolution
		HideSolutionNode = FALSE
	EndGlobalSection
	GlobalSection(ExtensibilityGlobals) = postSolution
		SolutionGuid = {69083E33-A476-4DE2-9FEB-70BF04AF31D1}
	EndGlobalSection
EndGlobal
